// !$*UTF8*$!
{
	archiveVersion = 1;
	classes = {
	};
	objectVersion = 46;
	objects = {

/* Begin PBXBuildFile section */
		94ACF6581E6D8FA900222800 /* main.m in Sources */ = {isa = PBXBuildFile; fileRef = 94ACF6571E6D8FA900222800 /* main.m */; };
		94ACF65B1E6D8FA900222800 /* AppDelegate.m in Sources */ = {isa = PBXBuildFile; fileRef = 94ACF65A1E6D8FA900222800 /* AppDelegate.m */; };
		94ACF65E1E6D8FA900222800 /* ViewController.m in Sources */ = {isa = PBXBuildFile; fileRef = 94ACF65D1E6D8FA900222800 /* ViewController.m */; };
		94ACF6611E6D8FA900222800 /* Main.storyboard in Resources */ = {isa = PBXBuildFile; fileRef = 94ACF65F1E6D8FA900222800 /* Main.storyboard */; };
		94ACF6631E6D8FA900222800 /* Assets.xcassets in Resources */ = {isa = PBXBuildFile; fileRef = 94ACF6621E6D8FA900222800 /* Assets.xcassets */; };
		94ACF6661E6D8FA900222800 /* LaunchScreen.storyboard in Resources */ = {isa = PBXBuildFile; fileRef = 94ACF6641E6D8FA900222800 /* LaunchScreen.storyboard */; };
		94ACF6711E6D8FDA00222800 /* DRViewMaker.m in Sources */ = {isa = PBXBuildFile; fileRef = 94ACF66E1E6D8FDA00222800 /* DRViewMaker.m */; };
		94ACF6721E6D8FDA00222800 /* UIView+Maker.m in Sources */ = {isa = PBXBuildFile; fileRef = 94ACF6701E6D8FDA00222800 /* UIView+Maker.m */; };
/* End PBXBuildFile section */

/* Begin PBXFileReference section */
		94ACF6531E6D8FA900222800 /* DRViewMakerDemo.app */ = {isa = PBXFileReference; explicitFileType = wrapper.application; includeInIndex = 0; path = DRViewMakerDemo.app; sourceTree = BUILT_PRODUCTS_DIR; };
		94ACF6571E6D8FA900222800 /* main.m */ = {isa = PBXFileReference; lastKnownFileType = sourcecode.c.objc; path = main.m; sourceTree = "<group>"; };
		94ACF6591E6D8FA900222800 /* AppDelegate.h */ = {isa = PBXFileReference; lastKnownFileType = sourcecode.c.h; path = AppDelegate.h; sourceTree = "<group>"; };
		94ACF65A1E6D8FA900222800 /* AppDelegate.m */ = {isa = PBXFileReference; lastKnownFileType = sourcecode.c.objc; path = AppDelegate.m; sourceTree = "<group>"; };
		94ACF65C1E6D8FA900222800 /* ViewController.h */ = {isa = PBXFileReference; lastKnownFileType = sourcecode.c.h; path = ViewController.h; sourceTree = "<group>"; };
		94ACF65D1E6D8FA900222800 /* ViewController.m */ = {isa = PBXFileReference; lastKnownFileType = sourcecode.c.objc; path = ViewController.m; sourceTree = "<group>"; };
		94ACF6601E6D8FA900222800 /* Base */ = {isa = PBXFileReference; lastKnownFileType = file.storyboard; name = Base; path = Base.lproj/Main.storyboard; sourceTree = "<group>"; };
		94ACF6621E6D8FA900222800 /* Assets.xcassets */ = {isa = PBXFileReference; lastKnownFileType = folder.assetcatalog; path = Assets.xcassets; sourceTree = "<group>"; };
		94ACF6651E6D8FA900222800 /* Base */ = {isa = PBXFileReference; lastKnownFileType = file.storyboard; name = Base; path = Base.lproj/LaunchScreen.storyboard; sourceTree = "<group>"; };
		94ACF6671E6D8FA900222800 /* Info.plist */ = {isa = PBXFileReference; lastKnownFileType = text.plist.xml; path = Info.plist; sourceTree = "<group>"; };
		94ACF66D1E6D8FDA00222800 /* DRViewMaker.h */ = {isa = PBXFileReference; fileEncoding = 4; lastKnownFileType = sourcecode.c.h; path = DRViewMaker.h; sourceTree = "<group>"; };
		94ACF66E1E6D8FDA00222800 /* DRViewMaker.m */ = {isa = PBXFileReference; fileEncoding = 4; lastKnownFileType = sourcecode.c.objc; path = DRViewMaker.m; sourceTree = "<group>"; };
		94ACF66F1E6D8FDA00222800 /* UIView+Maker.h */ = {isa = PBXFileReference; fileEncoding = 4; lastKnownFileType = sourcecode.c.h; path = "UIView+Maker.h"; sourceTree = "<group>"; };
		94ACF6701E6D8FDA00222800 /* UIView+Maker.m */ = {isa = PBXFileReference; fileEncoding = 4; lastKnownFileType = sourcecode.c.objc; path = "UIView+Maker.m"; sourceTree = "<group>"; };
/* End PBXFileReference section */

/* Begin PBXFrameworksBuildPhase section */
		94ACF6501E6D8FA900222800 /* Frameworks */ = {
			isa = PBXFrameworksBuildPhase;
			buildActionMask = 2147483647;
			files = (
			);
			runOnlyForDeploymentPostprocessing = 0;
		};
/* End PBXFrameworksBuildPhase section */

/* Begin PBXGroup section */
		94ACF64A1E6D8FA900222800 = {
			isa = PBXGroup;
			children = (
				94ACF6551E6D8FA900222800 /* DRViewMakerDemo */,
				94ACF6541E6D8FA900222800 /* Products */,
			);
			sourceTree = "<group>";
		};
		94ACF6541E6D8FA900222800 /* Products */ = {
			isa = PBXGroup;
			children = (
				94ACF6531E6D8FA900222800 /* DRViewMakerDemo.app */,
			);
			name = Products;
			sourceTree = "<group>";
		};
		94ACF6551E6D8FA900222800 /* DRViewMakerDemo */ = {
			isa = PBXGroup;
			children = (
				94ACF6591E6D8FA900222800 /* AppDelegate.h */,
				94ACF65A1E6D8FA900222800 /* AppDelegate.m */,
				94ACF65C1E6D8FA900222800 /* ViewController.h */,
				94ACF65D1E6D8FA900222800 /* ViewController.m */,
				94ACF65F1E6D8FA900222800 /* Main.storyboard */,
				94ACF66D1E6D8FDA00222800 /* DRViewMaker.h */,
				94ACF66E1E6D8FDA00222800 /* DRViewMaker.m */,
				94ACF66F1E6D8FDA00222800 /* UIView+Maker.h */,
				94ACF6701E6D8FDA00222800 /* UIView+Maker.m */,
				94ACF6621E6D8FA900222800 /* Assets.xcassets */,
				94ACF6641E6D8FA900222800 /* LaunchScreen.storyboard */,
				94ACF6671E6D8FA900222800 /* Info.plist */,
				94ACF6561E6D8FA900222800 /* Supporting Files */,
			);
			path = DRViewMakerDemo;
			sourceTree = "<group>";
		};
		94ACF6561E6D8FA900222800 /* Supporting Files */ = {
			isa = PBXGroup;
			children = (
				94ACF6571E6D8FA900222800 /* main.m */,
			);
			name = "Supporting Files";
			sourceTree = "<group>";
		};
/* End PBXGroup section */

/* Begin PBXNativeTarget section */
		94ACF6521E6D8FA900222800 /* DRViewMakerDemo */ = {
			isa = PBXNativeTarget;
			buildConfigurationList = 94ACF66A1E6D8FA900222800 /* Build configuration list for PBXNativeTarget "DRViewMakerDemo" */;
			buildPhases = (
				94ACF64F1E6D8FA900222800 /* Sources */,
				94ACF6501E6D8FA900222800 /* Frameworks */,
				94ACF6511E6D8FA900222800 /* Resources */,
			);
			buildRules = (
			);
			dependencies = (
			);
			name = DRViewMakerDemo;
			productName = DRViewMakerDemo;
			productReference = 94ACF6531E6D8FA900222800 /* DRViewMakerDemo.app */;
			productType = "com.apple.product-type.application";
		};
/* End PBXNativeTarget section */

/* Begin PBXProject section */
		94ACF64B1E6D8FA900222800 /* Project object */ = {
			isa = PBXProject;
			attributes = {
				LastUpgradeCheck = 0820;
				ORGANIZATIONNAME = Ryan;
				TargetAttributes = {
					94ACF6521E6D8FA900222800 = {
						CreatedOnToolsVersion = 8.2.1;
						ProvisioningStyle = Automatic;
					};
				};
			};
			buildConfigurationList = 94ACF64E1E6D8FA900222800 /* Build configuration list for PBXProject "DRViewMakerDemo" */;
			compatibilityVersion = "Xcode 3.2";
			developmentRegion = English;
			hasScannedForEncodings = 0;
			knownRegions = (
				en,
				Base,
			);
			mainGroup = 94ACF64A1E6D8FA900222800;
			productRefGroup = 94ACF6541E6D8FA900222800 /* Products */;
			projectDirPath = "";
			projectRoot = "";
			targets = (
				94ACF6521E6D8FA900222800 /* DRViewMakerDemo */,
			);
		};
/* End PBXProject section */

/* Begin PBXResourcesBuildPhase section */
		94ACF6511E6D8FA900222800 /* Resources */ = {
			isa = PBXResourcesBuildPhase;
			buildActionMask = 2147483647;
			files = (
				94ACF6661E6D8FA900222800 /* LaunchScreen.storyboard in Resources */,
				94ACF6631E6D8FA900222800 /* Assets.xcassets in Resources */,
				94ACF6611E6D8FA900222800 /* Main.storyboard in Resources */,
			);
			runOnlyForDeploymentPostprocessing = 0;
		};
/* End PBXResourcesBuildPhase section */

/* Begin PBXSourcesBuildPhase section */
		94ACF64F1E6D8FA900222800 /* Sources */ = {
			isa = PBXSourcesBuildPhase;
			buildActionMask = 2147483647;
			files = (
				94ACF65E1E6D8FA900222800 /* ViewController.m in Sources */,
				94ACF6711E6D8FDA00222800 /* DRViewMaker.m in Sources */,
				94ACF65B1E6D8FA900222800 /* AppDelegate.m in Sources */,
				94ACF6721E6D8FDA00222800 /* UIView+Maker.m in Sources */,
				94ACF6581E6D8FA900222800 /* main.m in Sources */,
			);
			runOnlyForDeploymentPostprocessing = 0;
		};
/* End PBXSourcesBuildPhase section */

/* Begin PBXVariantGroup section */
		94ACF65F1E6D8FA900222800 /* Main.storyboard */ = {
			isa = PBXVariantGroup;
			children = (
				94ACF6601E6D8FA900222800 /* Base */,
			);
			name = Main.storyboard;
			sourceTree = "<group>";
		};
		94ACF6641E6D8FA900222800 /* LaunchScreen.storyboard */ = {
			isa = PBXVariantGroup;
			children = (
				94ACF6651E6D8FA900222800 /* Base */,
			);
			name = LaunchScreen.storyboard;
			sourceTree = "<group>";
		};
/* End PBXVariantGroup section */

/* Begin XCBuildConfiguration section */
		94ACF6681E6D8FA900222800 /* Debug */ = {
			isa = XCBuildConfiguration;
			buildSettings = {
				ALWAYS_SEARCH_USER_PATHS = NO;
				CLANG_ANALYZER_NONNULL = YES;
				CLANG_CXX_LANGUAGE_STANDARD = "gnu++0x";
				CLANG_CXX_LIBRARY = "libc++";
				CLANG_ENABLE_MODULES = YES;
				CLANG_ENABLE_OBJC_ARC = YES;
				CLANG_WARN_BOOL_CONVERSION = YES;
				CLANG_WARN_CONSTANT_CONVERSION = YES;
				CLANG_WARN_DIRECT_OBJC_ISA_USAGE = YES_ERROR;
				CLANG_WARN_DOCUMENTATION_COMMENTS = YES;
				CLANG_WARN_EMPTY_BODY = YES;
				CLANG_WARN_ENUM_CONVERSION = YES;
				CLANG_WARN_INFINITE_RECURSION = YES;
				CLANG_WARN_INT_CONVERSION = YES;
				CLANG_WARN_OBJC_ROOT_CLASS = YES_ERROR;
				CLANG_WARN_SUSPICIOUS_MOVE = YES;
				CLANG_WARN_UNREACHABLE_CODE = YES;
				CLANG_WARN__DUPLICATE_METHOD_MATCH = YES;
				"CODE_SIGN_IDENTITY[sdk=iphoneos*]" = "iPhone Developer";
				COPY_PHASE_STRIP = NO;
				DEBUG_INFORMATION_FORMAT = dwarf;
				ENABLE_STRICT_OBJC_MSGSEND = YES;
				ENABLE_TESTABILITY = YES;
				GCC_C_LANGUAGE_STANDARD = gnu99;
				GCC_DYNAMIC_NO_PIC = NO;
				GCC_NO_COMMON_BLOCKS = YES;
				GCC_OPTIMIZATION_LEVEL = 0;
				GCC_PREPROCESSOR_DEFINITIONS = (
					"DEBUG=1",
					"$(inherited)",
				);
				GCC_WARN_64_TO_32_BIT_CONVERSION = YES;
				GCC_WARN_ABOUT_RETURN_TYPE = YES_ERROR;
				GCC_WARN_UNDECLARED_SELECTOR = YES;
				GCC_WARN_UNINITIALIZED_AUTOS = YES_AGGRESSIVE;
				GCC_WARN_UNUSED_FUNCTION = YES;
				GCC_WARN_UNUSED_VARIABLE = YES;
				IPHONEOS_DEPLOYMENT_TARGET = 10.2;
				MTL_ENABLE_DEBUG_INFO = YES;
				ONLY_ACTIVE_ARCH = YES;
				SDKROOT = iphoneos;
				TARGETED_DEVICE_FAMILY = "1,2";
			};
			name = Debug;
		};
		94ACF6691E6D8FA900222800 /* Release */ = {
			isa = XCBuildConfiguration;
			buildSettings = {
				ALWAYS_SEARCH_USER_PATHS = NO;
				CLANG_ANALYZER_NONNULL = YES;
				CLANG_CXX_LANGUAGE_STANDARD = "gnu++0x";
				CLANG_CXX_LIBRARY = "libc++";
				CLANG_ENABLE_MODULES = YES;
				CLANG_ENABLE_OBJC_ARC = YES;
				CLANG_WARN_BOOL_CONVERSION = YES;
				CLANG_WARN_CONSTANT_CONVERSION = YES;
				CLANG_WARN_DIRECT_OBJC_ISA_USAGE = YES_ERROR;
				CLANG_WARN_DOCUMENTATION_COMMENTS = YES;
				CLANG_WARN_EMPTY_BODY = YES;
				CLANG_WARN_ENUM_CONVERSION = YES;
				CLANG_WARN_INFINITE_RECURSION = YES;
				CLANG_WARN_INT_CONVERSION = YES;
				CLANG_WARN_OBJC_ROOT_CLASS = YES_ERROR;
				CLANG_WARN_SUSPICIOUS_MOVE = YES;
				CLANG_WARN_UNREACHABLE_CODE = YES;
				CLANG_WARN__DUPLICATE_METHOD_MATCH = YES;
				"CODE_SIGN_IDENTITY[sdk=iphoneos*]" = "iPhone Developer";
				COPY_PHASE_STRIP = NO;
				DEBUG_INFORMATION_FORMAT = "dwarf-with-dsym";
				ENABLE_NS_ASSERTIONS = NO;
				ENABLE_STRICT_OBJC_MSGSEND = YES;
				GCC_C_LANGUAGE_STANDARD = gnu99;
				GCC_NO_COMMON_BLOCKS = YES;
				GCC_WARN_64_TO_32_BIT_CONVERSION = YES;
				GCC_WARN_ABOUT_RETURN_TYPE = YES_ERROR;
				GCC_WARN_UNDECLARED_SELECTOR = YES;
				GCC_WARN_UNINITIALIZED_AUTOS = YES_AGGRESSIVE;
				GCC_WARN_UNUSED_FUNCTION = YES;
				GCC_WARN_UNUSED_VARIABLE = YES;
				IPHONEOS_DEPLOYMENT_TARGET = 10.2;
				MTL_ENABLE_DEBUG_INFO = NO;
				SDKROOT = iphoneos;
				TARGETED_DEVICE_FAMILY = "1,2";
				VALIDATE_PRODUCT = YES;
			};
			name = Release;
		};
		94ACF66B1E6D8FA900222800 /* Debug */ = {
			isa = XCBuildConfiguration;
			buildSettings = {
				ASSETCATALOG_COMPILER_APPICON_NAME = AppIcon;
				INFOPLIST_FILE = DRViewMakerDemo/Info.plist;
				LD_RUNPATH_SEARCH_PATHS = "$(inherited) @executable_path/Frameworks";
				PRODUCT_BUNDLE_IDENTIFIER = Ryan.DRViewMakerDemo;
				PRODUCT_NAME = "$(TARGET_NAME)";
			};
			name = Debug;
		};
		94ACF66C1E6D8FA900222800 /* Release */ = {
			isa = XCBuildConfiguration;
			buildSettings = {
				ASSETCATALOG_COMPILER_APPICON_NAME = AppIcon;
				INFOPLIST_FILE = DRViewMakerDemo/Info.plist;
				LD_RUNPATH_SEARCH_PATHS = "$(inherited) @executable_path/Frameworks";
				PRODUCT_BUNDLE_IDENTIFIER = Ryan.DRViewMakerDemo;
				PRODUCT_NAME = "$(TARGET_NAME)";
			};
			name = Release;
		};
/* End XCBuildConfiguration section */

/* Begin XCConfigurationList section */
		94ACF64E1E6D8FA900222800 /* Build configuration list for PBXProject "DRViewMakerDemo" */ = {
			isa = XCConfigurationList;
			buildConfigurations = (
				94ACF6681E6D8FA900222800 /* Debug */,
				94ACF6691E6D8FA900222800 /* Release */,
			);
			defaultConfigurationIsVisible = 0;
			defaultConfigurationName = Release;
		};
		94ACF66A1E6D8FA900222800 /* Build configuration list for PBXNativeTarget "DRViewMakerDemo" */ = {
			isa = XCConfigurationList;
			buildConfigurations = (
				94ACF66B1E6D8FA900222800 /* Debug */,
				94ACF66C1E6D8FA900222800 /* Release */,
			);
			defaultConfigurationIsVisible = 0;
		};
/* End XCConfigurationList section */
	};
	rootObject = 94ACF64B1E6D8FA900222800 /* Project object */;
}
